{
  "lockfile_version": "1",
  "packages": {
    "gcc@14.2.0": {
      "last_modified": "2024-12-03T12:40:06Z",
      "resolved": "github:NixOS/nixpkgs/566e53c2ad750c84f6d31f9ccb9d00f823165550#gcc14",
      "source": "devbox-search",
      "version": "14.2.0",
      "systems": {
        "aarch64-darwin": {
          "outputs": [
            {
              "name": "out",
              "path": "/nix/store/jmq8cai7bnd282yqz3h7whsc69b6c58f-gcc-wrapper-14.2.0",
              "default": true
            },
            {
              "name": "man",
              "path": "/nix/store/j39hch7ass3ilah6yi71brbdkavw5w69-gcc-wrapper-14.2.0-man",
              "default": true
            },
            {
              "name": "info",
              "path": "/nix/store/dg88z7d24pn47zmigilhdkqcav11nqm9-gcc-wrapper-14.2.0-info"
            }
          ],
          "store_path": "/nix/store/jmq8cai7bnd282yqz3h7whsc69b6c58f-gcc-wrapper-14.2.0"
        },
        "aarch64-linux": {
          "outputs": [
            {
              "name": "out",
              "path": "/nix/store/7bkp147k65lfgsd340n8gxav81vd17r9-gcc-wrapper-14.2.0",
              "default": true
            },
            {
              "name": "man",
              "path": "/nix/store/19mzdkbq3vsjasp0griibr930n6mqx7q-gcc-wrapper-14.2.0-man",
              "default": true
            },
            {
              "name": "info",
              "path": "/nix/store/i65b4jh4xgyks6gqdns012ajj4bfi579-gcc-wrapper-14.2.0-info"
            }
          ],
          "store_path": "/nix/store/7bkp147k65lfgsd340n8gxav81vd17r9-gcc-wrapper-14.2.0"
        },
        "x86_64-darwin": {
          "outputs": [
            {
              "name": "out",
              "path": "/nix/store/6zrlrhnn0p0mw3m1d0z51ycrxiw11ai8-gcc-wrapper-14.2.0",
              "default": true
            },
            {
              "name": "man",
              "path": "/nix/store/5ww6b59m7nz71gvqc3w0sxzyv285sppi-gcc-wrapper-14.2.0-man",
              "default": true
            },
            {
              "name": "info",
              "path": "/nix/store/jl8rczjax0c3dxvcb84r1sb7a1nciw2f-gcc-wrapper-14.2.0-info"
            }
          ],
          "store_path": "/nix/store/6zrlrhnn0p0mw3m1d0z51ycrxiw11ai8-gcc-wrapper-14.2.0"
        },
        "x86_64-linux": {
          "outputs": [
            {
              "name": "out",
              "path": "/nix/store/1ciadcliylyyi9vx21id9vi1p1mayjn8-gcc-wrapper-14.2.0",
              "default": true
            },
            {
              "name": "man",
              "path": "/nix/store/v03c65r3qp69wim7897yf130igs1swrx-gcc-wrapper-14.2.0-man",
              "default": true
            },
            {
              "name": "info",
              "path": "/nix/store/wc7d9x75bf64lis2j7mhdq93210c464z-gcc-wrapper-14.2.0-info"
            }
          ],
          "store_path": "/nix/store/1ciadcliylyyi9vx21id9vi1p1mayjn8-gcc-wrapper-14.2.0"
        }
      }
    },
    "nodejs@23.11.0": {
      "last_modified": "2025-04-02T13:00:31Z",
      "plugin_version": "0.0.2",
      "resolved": "github:NixOS/nixpkgs/384d1adab77a8d49172a3acc1d5c2f26d013a69a#nodejs_23",
      "source": "devbox-search",
      "version": "23.11.0",
      "systems": {
        "aarch64-darwin": {
          "outputs": [
            {
              "name": "out",
              "path": "/nix/store/7z52lrjdf95sxdv5gmf1lkd6jkmbrk56-nodejs-23.11.0",
              "default": true
            },
            {
              "name": "libv8",
              "path": "/nix/store/0ksknzxczr0kzbz6swnw9ib84hgi77s8-nodejs-23.11.0-libv8"
            }
          ],
          "store_path": "/nix/store/7z52lrjdf95sxdv5gmf1lkd6jkmbrk56-nodejs-23.11.0"
        },
        "aarch64-linux": {
          "outputs": [
            {
              "name": "out",
              "path": "/nix/store/yjnnd52kllrr7ydnz7ixw950fbgv014q-nodejs-23.11.0",
              "default": true
            },
            {
              "name": "libv8",
              "path": "/nix/store/4i48prhfrkr2wbs06vs5g2aaicncpsfx-nodejs-23.11.0-libv8"
            }
          ],
          "store_path": "/nix/store/yjnnd52kllrr7ydnz7ixw950fbgv014q-nodejs-23.11.0"
        },
        "x86_64-darwin": {
          "outputs": [
            {
              "name": "out",
              "path": "/nix/store/m2wfafc3wszhrl6ymyjjjw2b20a0xbx3-nodejs-23.11.0",
              "default": true
            },
            {
              "name": "libv8",
              "path": "/nix/store/5f0jci5bwflnxp2ysfisv5xwxis7wa45-nodejs-23.11.0-libv8"
            }
          ],
          "store_path": "/nix/store/m2wfafc3wszhrl6ymyjjjw2b20a0xbx3-nodejs-23.11.0"
        },
        "x86_64-linux": {
          "outputs": [
            {
              "name": "out",
              "path": "/nix/store/npy9r2i6v4r277y91vnf40l47gwpsdz4-nodejs-23.11.0",
              "default": true
            },
            {
              "name": "libv8",
              "path": "/nix/store/0shcl7m044cdglpsf9nd61rgfndhx4qm-nodejs-23.11.0-libv8"
            }
          ],
          "store_path": "/nix/store/npy9r2i6v4r277y91vnf40l47gwpsdz4-nodejs-23.11.0"
        }
      }
    },
    "tree-sitter@0.25.1": {
      "last_modified": "2025-03-23T05:31:05Z",
      "resolved": "github:NixOS/nixpkgs/dd613136ee91f67e5dba3f3f41ac99ae89c5406b#tree-sitter",
      "source": "devbox-search",
      "version": "0.25.1",
      "systems": {
        "aarch64-darwin": {
          "outputs": [
            {
              "name": "out",
              "path": "/nix/store/fxzxb3alrd6yhnbgp4jjkmbvb9xd1k5f-tree-sitter-0.25.1",
              "default": true
            }
          ],
          "store_path": "/nix/store/fxzxb3alrd6yhnbgp4jjkmbvb9xd1k5f-tree-sitter-0.25.1"
        },
        "aarch64-linux": {
          "outputs": [
            {
              "name": "out",
              "path": "/nix/store/ajdi33n7sgazhjy23dslwdqjiikn62k9-tree-sitter-0.25.1",
              "default": true
            }
          ],
          "store_path": "/nix/store/ajdi33n7sgazhjy23dslwdqjiikn62k9-tree-sitter-0.25.1"
        },
        "x86_64-darwin": {
          "outputs": [
            {
              "name": "out",
              "path": "/nix/store/v5jsgp4l22m3gnvxqb6cwk10b4x0w428-tree-sitter-0.25.1",
              "default": true
            }
          ],
          "store_path": "/nix/store/v5jsgp4l22m3gnvxqb6cwk10b4x0w428-tree-sitter-0.25.1"
        },
        "x86_64-linux": {
          "outputs": [
            {
              "name": "out",
              "path": "/nix/store/mrrx0zrl1r8gj5g60km6csgjif22sp6m-tree-sitter-0.25.1",
              "default": true
            }
          ],
          "store_path": "/nix/store/mrrx0zrl1r8gj5g60km6csgjif22sp6m-tree-sitter-0.25.1"
        }
      }
    }
  }
}
